{
    "version": 3,
    "terraform_version": "0.11.13",
    "serial": 11,
    "lineage": "32a3c61b-e571-22f7-436d-628f1e121b57",
    "modules": [
        {
            "path": [
                "root"
            ],
            "outputs": {
                "myOutput": {
                    "sensitive": false,
                    "type": "list",
                    "value": [
                        "terraformtest-10.2.1.0-subnet",
                        "terraformtest-10.2.2.0-subnet"
                    ]
                }
            },
            "resources": {
                "azurerm_availability_set.terraform_availability_set": {
                    "type": "azurerm_availability_set",
                    "depends_on": [
                        "azurerm_resource_group.terraform_resource_group"
                    ],
                    "primary": {
                        "id": "/subscriptions/37d644a0-60dc-463b-919a-e99751f4c1a3/resourceGroups/terraformtest-resource_group/providers/Microsoft.Compute/availabilitySets/terraformtestavailabilityset",
                        "attributes": {
                            "id": "/subscriptions/37d644a0-60dc-463b-919a-e99751f4c1a3/resourceGroups/terraformtest-resource_group/providers/Microsoft.Compute/availabilitySets/terraformtestavailabilityset",
                            "location": "australiasoutheast",
                            "managed": "true",
                            "name": "terraformtestavailabilityset",
                            "platform_fault_domain_count": "2",
                            "platform_update_domain_count": "5",
                            "resource_group_name": "terraformtest-resource_group",
                            "tags.%": "1",
                            "tags.environment": "production"
                        },
                        "meta": {},
                        "tainted": false
                    },
                    "deposed": [],
                    "provider": "provider.azurerm"
                },
                "azurerm_network_interface.terraform_NIC.0": {
                    "type": "azurerm_network_interface",
                    "depends_on": [
                        "azurerm_public_ip.terraform_PIP.*",
                        "azurerm_resource_group.terraform_resource_group",
                        "azurerm_subnet.terraform_subnet.*"
                    ],
                    "primary": {
                        "id": "/subscriptions/37d644a0-60dc-463b-919a-e99751f4c1a3/resourceGroups/terraformtest-resource_group/providers/Microsoft.Network/networkInterfaces/terraformtest-1nic",
                        "attributes": {
                            "applied_dns_servers.#": "0",
                            "dns_servers.#": "0",
                            "enable_accelerated_networking": "false",
                            "enable_ip_forwarding": "false",
                            "id": "/subscriptions/37d644a0-60dc-463b-919a-e99751f4c1a3/resourceGroups/terraformtest-resource_group/providers/Microsoft.Network/networkInterfaces/terraformtest-1nic",
                            "internal_dns_name_label": "",
                            "internal_fqdn": "",
                            "ip_configuration.#": "1",
                            "ip_configuration.0.application_gateway_backend_address_pools_ids.#": "0",
                            "ip_configuration.0.application_security_group_ids.#": "0",
                            "ip_configuration.0.load_balancer_backend_address_pools_ids.#": "0",
                            "ip_configuration.0.load_balancer_inbound_nat_rules_ids.#": "0",
                            "ip_configuration.0.name": "terraformtest-ipconfig",
                            "ip_configuration.0.primary": "true",
                            "ip_configuration.0.private_ip_address": "",
                            "ip_configuration.0.private_ip_address_allocation": "dynamic",
                            "ip_configuration.0.private_ip_address_version": "IPv4",
                            "ip_configuration.0.public_ip_address_id": "/subscriptions/37d644a0-60dc-463b-919a-e99751f4c1a3/resourceGroups/terraformtest-resource_group/providers/Microsoft.Network/publicIPAddresses/terraformtest-1-pip",
                            "ip_configuration.0.subnet_id": "/subscriptions/37d644a0-60dc-463b-919a-e99751f4c1a3/resourceGroups/terraformtest-resource_group/providers/Microsoft.Network/virtualNetworks/terraformtest-vnet/subnets/terraformtest-10.2.1.0-subnet",
                            "location": "australiasoutheast",
                            "mac_address": "00-0D-3A-E1-4E-2F",
                            "name": "terraformtest-1nic",
                            "network_security_group_id": "",
                            "private_ip_address": "10.2.1.5",
                            "private_ip_addresses.#": "1",
                            "private_ip_addresses.0": "10.2.1.5",
                            "resource_group_name": "terraformtest-resource_group",
                            "tags.%": "1",
                            "tags.environment": "production",
                            "virtual_machine_id": "/subscriptions/37d644a0-60dc-463b-919a-e99751f4c1a3/resourceGroups/terraformtest-resource_group/providers/Microsoft.Compute/virtualMachines/terraformtest-1-vm"
                        },
                        "meta": {},
                        "tainted": false
                    },
                    "deposed": [],
                    "provider": "provider.azurerm"
                },
                "azurerm_network_interface.terraform_NIC.1": {
                    "type": "azurerm_network_interface",
                    "depends_on": [
                        "azurerm_public_ip.terraform_PIP.*",
                        "azurerm_resource_group.terraform_resource_group",
                        "azurerm_subnet.terraform_subnet.*"
                    ],
                    "primary": {
                        "id": "/subscriptions/37d644a0-60dc-463b-919a-e99751f4c1a3/resourceGroups/terraformtest-resource_group/providers/Microsoft.Network/networkInterfaces/terraformtest-2nic",
                        "attributes": {
                            "applied_dns_servers.#": "0",
                            "dns_servers.#": "0",
                            "enable_accelerated_networking": "false",
                            "enable_ip_forwarding": "false",
                            "id": "/subscriptions/37d644a0-60dc-463b-919a-e99751f4c1a3/resourceGroups/terraformtest-resource_group/providers/Microsoft.Network/networkInterfaces/terraformtest-2nic",
                            "internal_dns_name_label": "",
                            "internal_fqdn": "",
                            "ip_configuration.#": "1",
                            "ip_configuration.0.application_gateway_backend_address_pools_ids.#": "0",
                            "ip_configuration.0.application_security_group_ids.#": "0",
                            "ip_configuration.0.load_balancer_backend_address_pools_ids.#": "0",
                            "ip_configuration.0.load_balancer_inbound_nat_rules_ids.#": "0",
                            "ip_configuration.0.name": "terraformtest-ipconfig",
                            "ip_configuration.0.primary": "true",
                            "ip_configuration.0.private_ip_address": "",
                            "ip_configuration.0.private_ip_address_allocation": "dynamic",
                            "ip_configuration.0.private_ip_address_version": "IPv4",
                            "ip_configuration.0.public_ip_address_id": "/subscriptions/37d644a0-60dc-463b-919a-e99751f4c1a3/resourceGroups/terraformtest-resource_group/providers/Microsoft.Network/publicIPAddresses/terraformtest-2-pip",
                            "ip_configuration.0.subnet_id": "/subscriptions/37d644a0-60dc-463b-919a-e99751f4c1a3/resourceGroups/terraformtest-resource_group/providers/Microsoft.Network/virtualNetworks/terraformtest-vnet/subnets/terraformtest-10.2.2.0-subnet",
                            "location": "australiasoutheast",
                            "mac_address": "",
                            "name": "terraformtest-2nic",
                            "network_security_group_id": "",
                            "private_ip_address": "10.2.2.4",
                            "private_ip_addresses.#": "1",
                            "private_ip_addresses.0": "10.2.2.4",
                            "resource_group_name": "terraformtest-resource_group",
                            "tags.%": "1",
                            "tags.environment": "production"
                        },
                        "meta": {},
                        "tainted": false
                    },
                    "deposed": [],
                    "provider": "provider.azurerm"
                },
                "azurerm_network_interface.terraform_NIC.2": {
                    "type": "azurerm_network_interface",
                    "depends_on": [
                        "azurerm_public_ip.terraform_PIP.*",
                        "azurerm_resource_group.terraform_resource_group",
                        "azurerm_subnet.terraform_subnet.*"
                    ],
                    "primary": {
                        "id": "/subscriptions/37d644a0-60dc-463b-919a-e99751f4c1a3/resourceGroups/terraformtest-resource_group/providers/Microsoft.Network/networkInterfaces/terraformtest-3nic",
                        "attributes": {
                            "applied_dns_servers.#": "0",
                            "dns_servers.#": "0",
                            "enable_accelerated_networking": "false",
                            "enable_ip_forwarding": "false",
                            "id": "/subscriptions/37d644a0-60dc-463b-919a-e99751f4c1a3/resourceGroups/terraformtest-resource_group/providers/Microsoft.Network/networkInterfaces/terraformtest-3nic",
                            "internal_dns_name_label": "",
                            "internal_fqdn": "",
                            "ip_configuration.#": "1",
                            "ip_configuration.0.application_gateway_backend_address_pools_ids.#": "0",
                            "ip_configuration.0.application_security_group_ids.#": "0",
                            "ip_configuration.0.load_balancer_backend_address_pools_ids.#": "0",
                            "ip_configuration.0.load_balancer_inbound_nat_rules_ids.#": "0",
                            "ip_configuration.0.name": "terraformtest-ipconfig",
                            "ip_configuration.0.primary": "true",
                            "ip_configuration.0.private_ip_address": "",
                            "ip_configuration.0.private_ip_address_allocation": "dynamic",
                            "ip_configuration.0.private_ip_address_version": "IPv4",
                            "ip_configuration.0.public_ip_address_id": "/subscriptions/37d644a0-60dc-463b-919a-e99751f4c1a3/resourceGroups/terraformtest-resource_group/providers/Microsoft.Network/publicIPAddresses/terraformtest-3-pip",
                            "ip_configuration.0.subnet_id": "/subscriptions/37d644a0-60dc-463b-919a-e99751f4c1a3/resourceGroups/terraformtest-resource_group/providers/Microsoft.Network/virtualNetworks/terraformtest-vnet/subnets/terraformtest-10.2.1.0-subnet",
                            "location": "australiasoutheast",
                            "mac_address": "00-0D-3A-E1-37-BE",
                            "name": "terraformtest-3nic",
                            "network_security_group_id": "",
                            "private_ip_address": "10.2.1.4",
                            "private_ip_addresses.#": "1",
                            "private_ip_addresses.0": "10.2.1.4",
                            "resource_group_name": "terraformtest-resource_group",
                            "tags.%": "1",
                            "tags.environment": "production",
                            "virtual_machine_id": "/subscriptions/37d644a0-60dc-463b-919a-e99751f4c1a3/resourceGroups/terraformtest-resource_group/providers/Microsoft.Compute/virtualMachines/terraformtest-3-vm"
                        },
                        "meta": {},
                        "tainted": false
                    },
                    "deposed": [],
                    "provider": "provider.azurerm"
                },
                "azurerm_network_security_group.terraform_nsg": {
                    "type": "azurerm_network_security_group",
                    "depends_on": [
                        "azurerm_resource_group.terraform_resource_group"
                    ],
                    "primary": {
                        "id": "/subscriptions/37d644a0-60dc-463b-919a-e99751f4c1a3/resourceGroups/terraformtest-resource_group/providers/Microsoft.Network/networkSecurityGroups/terraformtest-nsg",
                        "attributes": {
                            "id": "/subscriptions/37d644a0-60dc-463b-919a-e99751f4c1a3/resourceGroups/terraformtest-resource_group/providers/Microsoft.Network/networkSecurityGroups/terraformtest-nsg",
                            "location": "australiasoutheast",
                            "name": "terraformtest-nsg",
                            "resource_group_name": "terraformtest-resource_group",
                            "security_rule.#": "1",
                            "security_rule.3460760772.access": "Allow",
                            "security_rule.3460760772.description": "",
                            "security_rule.3460760772.destination_address_prefix": "*",
                            "security_rule.3460760772.destination_address_prefixes.#": "0",
                            "security_rule.3460760772.destination_application_security_group_ids.#": "0",
                            "security_rule.3460760772.destination_port_range": "22",
                            "security_rule.3460760772.destination_port_ranges.#": "0",
                            "security_rule.3460760772.direction": "Inbound",
                            "security_rule.3460760772.name": "terraformtest-ssh",
                            "security_rule.3460760772.priority": "100",
                            "security_rule.3460760772.protocol": "TCP",
                            "security_rule.3460760772.source_address_prefix": "*",
                            "security_rule.3460760772.source_address_prefixes.#": "0",
                            "security_rule.3460760772.source_application_security_group_ids.#": "0",
                            "security_rule.3460760772.source_port_range": "*",
                            "security_rule.3460760772.source_port_ranges.#": "0",
                            "tags.%": "0"
                        },
                        "meta": {},
                        "tainted": false
                    },
                    "deposed": [],
                    "provider": "provider.azurerm"
                },
                "azurerm_network_security_rule.terraform_nsg_rule": {
                    "type": "azurerm_network_security_rule",
                    "depends_on": [
                        "azurerm_network_security_group.terraform_nsg",
                        "azurerm_resource_group.terraform_resource_group"
                    ],
                    "primary": {
                        "id": "/subscriptions/37d644a0-60dc-463b-919a-e99751f4c1a3/resourceGroups/terraformtest-resource_group/providers/Microsoft.Network/networkSecurityGroups/terraformtest-nsg/securityRules/terraformtest-ssh",
                        "attributes": {
                            "access": "Allow",
                            "description": "",
                            "destination_address_prefix": "*",
                            "destination_address_prefixes.#": "0",
                            "destination_application_security_group_ids.#": "0",
                            "destination_port_range": "22",
                            "destination_port_ranges.#": "0",
                            "direction": "Inbound",
                            "id": "/subscriptions/37d644a0-60dc-463b-919a-e99751f4c1a3/resourceGroups/terraformtest-resource_group/providers/Microsoft.Network/networkSecurityGroups/terraformtest-nsg/securityRules/terraformtest-ssh",
                            "name": "terraformtest-ssh",
                            "network_security_group_name": "terraformtest-nsg",
                            "priority": "100",
                            "protocol": "TCP",
                            "resource_group_name": "terraformtest-resource_group",
                            "source_address_prefix": "*",
                            "source_address_prefixes.#": "0",
                            "source_application_security_group_ids.#": "0",
                            "source_port_range": "*",
                            "source_port_ranges.#": "0"
                        },
                        "meta": {},
                        "tainted": false
                    },
                    "deposed": [],
                    "provider": "provider.azurerm"
                },
                "azurerm_public_ip.terraform_PIP.0": {
                    "type": "azurerm_public_ip",
                    "depends_on": [
                        "azurerm_resource_group.terraform_resource_group"
                    ],
                    "primary": {
                        "id": "/subscriptions/37d644a0-60dc-463b-919a-e99751f4c1a3/resourceGroups/terraformtest-resource_group/providers/Microsoft.Network/publicIPAddresses/terraformtest-1-pip",
                        "attributes": {
                            "allocation_method": "Dynamic",
                            "id": "/subscriptions/37d644a0-60dc-463b-919a-e99751f4c1a3/resourceGroups/terraformtest-resource_group/providers/Microsoft.Network/publicIPAddresses/terraformtest-1-pip",
                            "idle_timeout_in_minutes": "4",
                            "ip_address": "23.101.229.180",
                            "ip_version": "IPv4",
                            "location": "australiasoutheast",
                            "name": "terraformtest-1-pip",
                            "public_ip_address_allocation": "Dynamic",
                            "resource_group_name": "terraformtest-resource_group",
                            "sku": "Basic",
                            "tags.%": "1",
                            "tags.environment": "production",
                            "zones.#": "0"
                        },
                        "meta": {},
                        "tainted": false
                    },
                    "deposed": [],
                    "provider": "provider.azurerm"
                },
                "azurerm_public_ip.terraform_PIP.1": {
                    "type": "azurerm_public_ip",
                    "depends_on": [
                        "azurerm_resource_group.terraform_resource_group"
                    ],
                    "primary": {
                        "id": "/subscriptions/37d644a0-60dc-463b-919a-e99751f4c1a3/resourceGroups/terraformtest-resource_group/providers/Microsoft.Network/publicIPAddresses/terraformtest-2-pip",
                        "attributes": {
                            "allocation_method": "Dynamic",
                            "id": "/subscriptions/37d644a0-60dc-463b-919a-e99751f4c1a3/resourceGroups/terraformtest-resource_group/providers/Microsoft.Network/publicIPAddresses/terraformtest-2-pip",
                            "idle_timeout_in_minutes": "4",
                            "ip_address": "",
                            "ip_version": "IPv4",
                            "location": "australiasoutheast",
                            "name": "terraformtest-2-pip",
                            "public_ip_address_allocation": "Dynamic",
                            "resource_group_name": "terraformtest-resource_group",
                            "sku": "Basic",
                            "tags.%": "1",
                            "tags.environment": "production",
                            "zones.#": "0"
                        },
                        "meta": {},
                        "tainted": false
                    },
                    "deposed": [],
                    "provider": "provider.azurerm"
                },
                "azurerm_public_ip.terraform_PIP.2": {
                    "type": "azurerm_public_ip",
                    "depends_on": [
                        "azurerm_resource_group.terraform_resource_group"
                    ],
                    "primary": {
                        "id": "/subscriptions/37d644a0-60dc-463b-919a-e99751f4c1a3/resourceGroups/terraformtest-resource_group/providers/Microsoft.Network/publicIPAddresses/terraformtest-3-pip",
                        "attributes": {
                            "allocation_method": "Dynamic",
                            "id": "/subscriptions/37d644a0-60dc-463b-919a-e99751f4c1a3/resourceGroups/terraformtest-resource_group/providers/Microsoft.Network/publicIPAddresses/terraformtest-3-pip",
                            "idle_timeout_in_minutes": "4",
                            "ip_address": "23.101.229.64",
                            "ip_version": "IPv4",
                            "location": "australiasoutheast",
                            "name": "terraformtest-3-pip",
                            "public_ip_address_allocation": "Dynamic",
                            "resource_group_name": "terraformtest-resource_group",
                            "sku": "Basic",
                            "tags.%": "1",
                            "tags.environment": "production",
                            "zones.#": "0"
                        },
                        "meta": {},
                        "tainted": false
                    },
                    "deposed": [],
                    "provider": "provider.azurerm"
                },
                "azurerm_resource_group.terraform_resource_group": {
                    "type": "azurerm_resource_group",
                    "depends_on": [],
                    "primary": {
                        "id": "/subscriptions/37d644a0-60dc-463b-919a-e99751f4c1a3/resourceGroups/terraformtest-resource_group",
                        "attributes": {
                            "id": "/subscriptions/37d644a0-60dc-463b-919a-e99751f4c1a3/resourceGroups/terraformtest-resource_group",
                            "location": "australiasoutheast",
                            "name": "terraformtest-resource_group",
                            "tags.%": "2",
                            "tags.creation_mode": "terraform",
                            "tags.environment": "production"
                        },
                        "meta": {},
                        "tainted": false
                    },
                    "deposed": [],
                    "provider": "provider.azurerm"
                },
                "azurerm_storage_account.terraform_storrage_account": {
                    "type": "azurerm_storage_account",
                    "depends_on": [
                        "azurerm_resource_group.terraform_resource_group",
                        "random_id.randomId"
                    ],
                    "primary": {
                        "id": "/subscriptions/37d644a0-60dc-463b-919a-e99751f4c1a3/resourceGroups/terraformtest-resource_group/providers/Microsoft.Storage/storageAccounts/terraformtest66c1dd6c",
                        "attributes": {
                            "access_tier": "",
                            "account_encryption_source": "Microsoft.Storage",
                            "account_kind": "Storage",
                            "account_replication_type": "LRS",
                            "account_tier": "Standard",
                            "account_type": "Standard_LRS",
                            "enable_blob_encryption": "true",
                            "enable_file_encryption": "true",
                            "enable_https_traffic_only": "false",
                            "id": "/subscriptions/37d644a0-60dc-463b-919a-e99751f4c1a3/resourceGroups/terraformtest-resource_group/providers/Microsoft.Storage/storageAccounts/terraformtest66c1dd6c",
                            "identity.#": "0",
                            "location": "australiasoutheast",
                            "name": "terraformtest66c1dd6c",
                            "network_rules.#": "0",
                            "primary_access_key": "M7Pa+35ubLY0T5BGddrlEkXl9MBtFOz/YNgo9m6OjfYIgAN4fOd6z2ejGZ8BFaWyknx3sqj0XyPgq52gt8yvUw==",
                            "primary_blob_connection_string": "DefaultEndpointsProtocol=https;BlobEndpoint=https://terraformtest66c1dd6c.blob.core.windows.net/;AccountName=terraformtest66c1dd6c;AccountKey=M7Pa+35ubLY0T5BGddrlEkXl9MBtFOz/YNgo9m6OjfYIgAN4fOd6z2ejGZ8BFaWyknx3sqj0XyPgq52gt8yvUw==",
                            "primary_blob_endpoint": "https://terraformtest66c1dd6c.blob.core.windows.net/",
                            "primary_blob_host": "terraformtest66c1dd6c.blob.core.windows.net",
                            "primary_connection_string": "DefaultEndpointsProtocol=https;AccountName=terraformtest66c1dd6c;AccountKey=M7Pa+35ubLY0T5BGddrlEkXl9MBtFOz/YNgo9m6OjfYIgAN4fOd6z2ejGZ8BFaWyknx3sqj0XyPgq52gt8yvUw==;EndpointSuffix=core.windows.net",
                            "primary_file_endpoint": "https://terraformtest66c1dd6c.file.core.windows.net/",
                            "primary_file_host": "terraformtest66c1dd6c.file.core.windows.net",
                            "primary_location": "australiasoutheast",
                            "primary_queue_endpoint": "https://terraformtest66c1dd6c.queue.core.windows.net/",
                            "primary_queue_host": "terraformtest66c1dd6c.queue.core.windows.net",
                            "primary_table_endpoint": "https://terraformtest66c1dd6c.table.core.windows.net/",
                            "primary_table_host": "terraformtest66c1dd6c.table.core.windows.net",
                            "resource_group_name": "terraformtest-resource_group",
                            "secondary_access_key": "xQCxpWjkVDds2EOGSEQdBec1DaujrzSv54ZXT5ehTuTvFWPtgwGYI4ziLENPiGnVKnCxKjoEqcA1xGEwWql5LA==",
                            "secondary_blob_connection_string": "",
                            "secondary_blob_endpoint": "",
                            "secondary_blob_host": "",
                            "secondary_connection_string": "DefaultEndpointsProtocol=https;AccountName=terraformtest66c1dd6c;AccountKey=xQCxpWjkVDds2EOGSEQdBec1DaujrzSv54ZXT5ehTuTvFWPtgwGYI4ziLENPiGnVKnCxKjoEqcA1xGEwWql5LA==;EndpointSuffix=core.windows.net",
                            "secondary_location": "",
                            "secondary_queue_endpoint": "",
                            "secondary_queue_host": "",
                            "secondary_table_endpoint": "",
                            "secondary_table_host": "",
                            "tags.%": "1",
                            "tags.environment": "production"
                        },
                        "meta": {
                            "schema_version": "2"
                        },
                        "tainted": false
                    },
                    "deposed": [],
                    "provider": "provider.azurerm"
                },
                "azurerm_subnet.terraform_subnet.0": {
                    "type": "azurerm_subnet",
                    "depends_on": [
                        "azurerm_network_security_group.terraform_nsg",
                        "azurerm_resource_group.terraform_resource_group",
                        "azurerm_virtual_network.terraform_vnet"
                    ],
                    "primary": {
                        "id": "/subscriptions/37d644a0-60dc-463b-919a-e99751f4c1a3/resourceGroups/terraformtest-resource_group/providers/Microsoft.Network/virtualNetworks/terraformtest-vnet/subnets/terraformtest-10.2.1.0-subnet",
                        "attributes": {
                            "address_prefix": "10.2.1.0/24",
                            "delegation.#": "0",
                            "id": "/subscriptions/37d644a0-60dc-463b-919a-e99751f4c1a3/resourceGroups/terraformtest-resource_group/providers/Microsoft.Network/virtualNetworks/terraformtest-vnet/subnets/terraformtest-10.2.1.0-subnet",
                            "ip_configurations.#": "2",
                            "ip_configurations.2073904533": "/subscriptions/37d644a0-60dc-463b-919a-e99751f4c1a3/resourceGroups/terraformtest-resource_group/providers/Microsoft.Network/networkInterfaces/terraformtest-3nic/ipConfigurations/terraformtest-ipconfig",
                            "ip_configurations.801977681": "/subscriptions/37d644a0-60dc-463b-919a-e99751f4c1a3/resourceGroups/terraformtest-resource_group/providers/Microsoft.Network/networkInterfaces/terraformtest-1nic/ipConfigurations/terraformtest-ipconfig",
                            "name": "terraformtest-10.2.1.0-subnet",
                            "network_security_group_id": "/subscriptions/37d644a0-60dc-463b-919a-e99751f4c1a3/resourceGroups/terraformtest-resource_group/providers/Microsoft.Network/networkSecurityGroups/terraformtest-nsg",
                            "resource_group_name": "terraformtest-resource_group",
                            "route_table_id": "",
                            "service_endpoints.#": "0",
                            "virtual_network_name": "terraformtest-vnet"
                        },
                        "meta": {},
                        "tainted": false
                    },
                    "deposed": [],
                    "provider": "provider.azurerm"
                },
                "azurerm_subnet.terraform_subnet.1": {
                    "type": "azurerm_subnet",
                    "depends_on": [
                        "azurerm_network_security_group.terraform_nsg",
                        "azurerm_resource_group.terraform_resource_group",
                        "azurerm_virtual_network.terraform_vnet"
                    ],
                    "primary": {
                        "id": "/subscriptions/37d644a0-60dc-463b-919a-e99751f4c1a3/resourceGroups/terraformtest-resource_group/providers/Microsoft.Network/virtualNetworks/terraformtest-vnet/subnets/terraformtest-10.2.2.0-subnet",
                        "attributes": {
                            "address_prefix": "10.2.2.0/24",
                            "delegation.#": "0",
                            "id": "/subscriptions/37d644a0-60dc-463b-919a-e99751f4c1a3/resourceGroups/terraformtest-resource_group/providers/Microsoft.Network/virtualNetworks/terraformtest-vnet/subnets/terraformtest-10.2.2.0-subnet",
                            "ip_configurations.#": "1",
                            "ip_configurations.1370848759": "/subscriptions/37d644a0-60dc-463b-919a-e99751f4c1a3/resourceGroups/terraformtest-resource_group/providers/Microsoft.Network/networkInterfaces/terraformtest-2nic/ipConfigurations/terraformtest-ipconfig",
                            "name": "terraformtest-10.2.2.0-subnet",
                            "network_security_group_id": "/subscriptions/37d644a0-60dc-463b-919a-e99751f4c1a3/resourceGroups/terraformtest-resource_group/providers/Microsoft.Network/networkSecurityGroups/terraformtest-nsg",
                            "resource_group_name": "terraformtest-resource_group",
                            "route_table_id": "",
                            "service_endpoints.#": "0",
                            "virtual_network_name": "terraformtest-vnet"
                        },
                        "meta": {},
                        "tainted": false
                    },
                    "deposed": [],
                    "provider": "provider.azurerm"
                },
                "azurerm_virtual_machine.terraform_vm.0": {
                    "type": "azurerm_virtual_machine",
                    "depends_on": [
                        "azurerm_availability_set.terraform_availability_set",
                        "azurerm_network_interface.terraform_NIC",
                        "azurerm_network_interface.terraform_NIC.*",
                        "azurerm_resource_group.terraform_resource_group",
                        "azurerm_storage_account.terraform_storrage_account"
                    ],
                    "primary": {
                        "id": "/subscriptions/37d644a0-60dc-463b-919a-e99751f4c1a3/resourceGroups/terraformtest-resource_group/providers/Microsoft.Compute/virtualMachines/terraformtest-1-vm",
                        "attributes": {
                            "availability_set_id": "/subscriptions/37d644a0-60dc-463b-919a-e99751f4c1a3/resourcegroups/terraformtest-resource_group/providers/microsoft.compute/availabilitysets/terraformtestavailabilityset",
                            "boot_diagnostics.#": "1",
                            "boot_diagnostics.0.enabled": "true",
                            "boot_diagnostics.0.storage_uri": "https://terraformtest66c1dd6c.blob.core.windows.net/",
                            "delete_data_disks_on_termination": "false",
                            "delete_os_disk_on_termination": "false",
                            "id": "/subscriptions/37d644a0-60dc-463b-919a-e99751f4c1a3/resourceGroups/terraformtest-resource_group/providers/Microsoft.Compute/virtualMachines/terraformtest-1-vm",
                            "identity.#": "0",
                            "location": "australiasoutheast",
                            "name": "terraformtest-1-vm",
                            "network_interface_ids.#": "1",
                            "network_interface_ids.0": "/subscriptions/37d644a0-60dc-463b-919a-e99751f4c1a3/resourceGroups/terraformtest-resource_group/providers/Microsoft.Network/networkInterfaces/terraformtest-1nic",
                            "os_profile.#": "1",
                            "os_profile.3126611561.admin_password": "",
                            "os_profile.3126611561.admin_username": "vmadmin",
                            "os_profile.3126611561.computer_name": "terraformtest1-system",
                            "os_profile.3126611561.custom_data": "",
                            "os_profile_linux_config.#": "1",
                            "os_profile_linux_config.69840937.disable_password_authentication": "true",
                            "os_profile_linux_config.69840937.ssh_keys.#": "1",
                            "os_profile_linux_config.69840937.ssh_keys.0.key_data": "ssh-rsa AAAAB3NzaC1yc2EAAAADAQABAAABAQDagpkY1oBjCIJu527RRW6RXy6zplJ904v3+xkdfn+qb5lsMcmK8N6sHADgba7+XmZvrEb6/5vlqBfcARueFQFYtvLum80YhShVrwMSzpjwob3QEnyaQfnRKrZuejqT0VURog+pUK1hOFDlBMJhwrwnq/cAEBzoSqbpofZzG9jsoWO53EIvlfg2qeuR7lLMyRHCvuJnXpgCg8tmFHWjkXQhrMIzNYE2AEF9yyQPeq95/pxKH+GK1S5bZoM7AkdM0XL49lQ8/zR0OwvSUL2QtQaH6gyS0+luFtFC2c+/edc39qLuALFLD1DiW6iZPD1V5cpxGFA6zVjHRMisMt1Uc16Z 777232@AMBAUS00366.local",
                            "os_profile_linux_config.69840937.ssh_keys.0.path": "/home/vmadmin/.ssh/authorized_keys",
                            "os_profile_secrets.#": "0",
                            "os_profile_windows_config.#": "0",
                            "plan.#": "0",
                            "resource_group_name": "terraformtest-resource_group",
                            "storage_data_disk.#": "0",
                            "storage_image_reference.#": "1",
                            "storage_image_reference.1458860473.id": "",
                            "storage_image_reference.1458860473.offer": "UbuntuServer",
                            "storage_image_reference.1458860473.publisher": "Canonical",
                            "storage_image_reference.1458860473.sku": "16.04-LTS",
                            "storage_image_reference.1458860473.version": "latest",
                            "storage_os_disk.#": "1",
                            "storage_os_disk.0.caching": "ReadWrite",
                            "storage_os_disk.0.create_option": "FromImage",
                            "storage_os_disk.0.disk_size_gb": "30",
                            "storage_os_disk.0.image_uri": "",
                            "storage_os_disk.0.managed_disk_id": "/subscriptions/37d644a0-60dc-463b-919a-e99751f4c1a3/resourceGroups/terraformtest-resource_group/providers/Microsoft.Compute/disks/terraformtest-1osdisk",
                            "storage_os_disk.0.managed_disk_type": "Standard_LRS",
                            "storage_os_disk.0.name": "terraformtest-1osdisk",
                            "storage_os_disk.0.os_type": "Linux",
                            "storage_os_disk.0.vhd_uri": "",
                            "storage_os_disk.0.write_accelerator_enabled": "false",
                            "tags.%": "1",
                            "tags.environment": "production",
                            "vm_size": "Standard_B1s",
                            "zones.#": "0"
                        },
                        "meta": {},
                        "tainted": false
                    },
                    "deposed": [],
                    "provider": "provider.azurerm"
                },
                "azurerm_virtual_machine.terraform_vm.1": {
                    "type": "azurerm_virtual_machine",
                    "depends_on": [
                        "azurerm_availability_set.terraform_availability_set",
                        "azurerm_network_interface.terraform_NIC",
                        "azurerm_network_interface.terraform_NIC.*",
                        "azurerm_resource_group.terraform_resource_group",
                        "azurerm_storage_account.terraform_storrage_account"
                    ],
                    "primary": {
                        "id": "/subscriptions/37d644a0-60dc-463b-919a-e99751f4c1a3/resourceGroups/terraformtest-resource_group/providers/Microsoft.Compute/virtualMachines/terraformtest-2-vm",
                        "attributes": {
                            "availability_set_id": "/subscriptions/37d644a0-60dc-463b-919a-e99751f4c1a3/resourcegroups/terraformtest-resource_group/providers/microsoft.compute/availabilitysets/terraformtestavailabilityset",
                            "boot_diagnostics.#": "1",
                            "boot_diagnostics.0.enabled": "true",
                            "boot_diagnostics.0.storage_uri": "https://terraformtest66c1dd6c.blob.core.windows.net/",
                            "delete_data_disks_on_termination": "false",
                            "delete_os_disk_on_termination": "false",
                            "id": "/subscriptions/37d644a0-60dc-463b-919a-e99751f4c1a3/resourceGroups/terraformtest-resource_group/providers/Microsoft.Compute/virtualMachines/terraformtest-2-vm",
                            "identity.#": "0",
                            "location": "australiasoutheast",
                            "name": "terraformtest-2-vm",
                            "network_interface_ids.#": "1",
                            "network_interface_ids.0": "/subscriptions/37d644a0-60dc-463b-919a-e99751f4c1a3/resourceGroups/terraformtest-resource_group/providers/Microsoft.Network/networkInterfaces/terraformtest-2nic",
                            "os_profile.#": "1",
                            "os_profile.2211541676.admin_password": "",
                            "os_profile.2211541676.admin_username": "vmadmin",
                            "os_profile.2211541676.computer_name": "terraformtest2-system",
                            "os_profile.2211541676.custom_data": "",
                            "os_profile_linux_config.#": "1",
                            "os_profile_linux_config.69840937.disable_password_authentication": "true",
                            "os_profile_linux_config.69840937.ssh_keys.#": "1",
                            "os_profile_linux_config.69840937.ssh_keys.0.key_data": "ssh-rsa AAAAB3NzaC1yc2EAAAADAQABAAABAQDagpkY1oBjCIJu527RRW6RXy6zplJ904v3+xkdfn+qb5lsMcmK8N6sHADgba7+XmZvrEb6/5vlqBfcARueFQFYtvLum80YhShVrwMSzpjwob3QEnyaQfnRKrZuejqT0VURog+pUK1hOFDlBMJhwrwnq/cAEBzoSqbpofZzG9jsoWO53EIvlfg2qeuR7lLMyRHCvuJnXpgCg8tmFHWjkXQhrMIzNYE2AEF9yyQPeq95/pxKH+GK1S5bZoM7AkdM0XL49lQ8/zR0OwvSUL2QtQaH6gyS0+luFtFC2c+/edc39qLuALFLD1DiW6iZPD1V5cpxGFA6zVjHRMisMt1Uc16Z 777232@AMBAUS00366.local",
                            "os_profile_linux_config.69840937.ssh_keys.0.path": "/home/vmadmin/.ssh/authorized_keys",
                            "os_profile_secrets.#": "0",
                            "os_profile_windows_config.#": "0",
                            "plan.#": "0",
                            "resource_group_name": "terraformtest-resource_group",
                            "storage_data_disk.#": "0",
                            "storage_image_reference.#": "1",
                            "storage_image_reference.1458860473.id": "",
                            "storage_image_reference.1458860473.offer": "UbuntuServer",
                            "storage_image_reference.1458860473.publisher": "Canonical",
                            "storage_image_reference.1458860473.sku": "16.04-LTS",
                            "storage_image_reference.1458860473.version": "latest",
                            "storage_os_disk.#": "1",
                            "storage_os_disk.0.caching": "ReadWrite",
                            "storage_os_disk.0.create_option": "FromImage",
                            "storage_os_disk.0.disk_size_gb": "30",
                            "storage_os_disk.0.image_uri": "",
                            "storage_os_disk.0.managed_disk_id": "/subscriptions/37d644a0-60dc-463b-919a-e99751f4c1a3/resourceGroups/terraformtest-resource_group/providers/Microsoft.Compute/disks/terraformtest-2osdisk",
                            "storage_os_disk.0.managed_disk_type": "Standard_LRS",
                            "storage_os_disk.0.name": "terraformtest-2osdisk",
                            "storage_os_disk.0.os_type": "Linux",
                            "storage_os_disk.0.vhd_uri": "",
                            "storage_os_disk.0.write_accelerator_enabled": "false",
                            "tags.%": "1",
                            "tags.environment": "production",
                            "vm_size": "Standard_B1s",
                            "zones.#": "0"
                        },
                        "meta": {},
                        "tainted": false
                    },
                    "deposed": [],
                    "provider": "provider.azurerm"
                },
                "azurerm_virtual_machine.terraform_vm.2": {
                    "type": "azurerm_virtual_machine",
                    "depends_on": [
                        "azurerm_availability_set.terraform_availability_set",
                        "azurerm_network_interface.terraform_NIC",
                        "azurerm_network_interface.terraform_NIC.*",
                        "azurerm_resource_group.terraform_resource_group",
                        "azurerm_storage_account.terraform_storrage_account"
                    ],
                    "primary": {
                        "id": "/subscriptions/37d644a0-60dc-463b-919a-e99751f4c1a3/resourceGroups/terraformtest-resource_group/providers/Microsoft.Compute/virtualMachines/terraformtest-3-vm",
                        "attributes": {
                            "availability_set_id": "/subscriptions/37d644a0-60dc-463b-919a-e99751f4c1a3/resourcegroups/terraformtest-resource_group/providers/microsoft.compute/availabilitysets/terraformtestavailabilityset",
                            "boot_diagnostics.#": "1",
                            "boot_diagnostics.0.enabled": "true",
                            "boot_diagnostics.0.storage_uri": "https://terraformtest66c1dd6c.blob.core.windows.net/",
                            "delete_data_disks_on_termination": "false",
                            "delete_os_disk_on_termination": "false",
                            "id": "/subscriptions/37d644a0-60dc-463b-919a-e99751f4c1a3/resourceGroups/terraformtest-resource_group/providers/Microsoft.Compute/virtualMachines/terraformtest-3-vm",
                            "identity.#": "0",
                            "location": "australiasoutheast",
                            "name": "terraformtest-3-vm",
                            "network_interface_ids.#": "1",
                            "network_interface_ids.0": "/subscriptions/37d644a0-60dc-463b-919a-e99751f4c1a3/resourceGroups/terraformtest-resource_group/providers/Microsoft.Network/networkInterfaces/terraformtest-3nic",
                            "os_profile.#": "1",
                            "os_profile.2494195439.admin_password": "",
                            "os_profile.2494195439.admin_username": "vmadmin",
                            "os_profile.2494195439.computer_name": "terraformtest3-system",
                            "os_profile.2494195439.custom_data": "",
                            "os_profile_linux_config.#": "1",
                            "os_profile_linux_config.69840937.disable_password_authentication": "true",
                            "os_profile_linux_config.69840937.ssh_keys.#": "1",
                            "os_profile_linux_config.69840937.ssh_keys.0.key_data": "ssh-rsa AAAAB3NzaC1yc2EAAAADAQABAAABAQDagpkY1oBjCIJu527RRW6RXy6zplJ904v3+xkdfn+qb5lsMcmK8N6sHADgba7+XmZvrEb6/5vlqBfcARueFQFYtvLum80YhShVrwMSzpjwob3QEnyaQfnRKrZuejqT0VURog+pUK1hOFDlBMJhwrwnq/cAEBzoSqbpofZzG9jsoWO53EIvlfg2qeuR7lLMyRHCvuJnXpgCg8tmFHWjkXQhrMIzNYE2AEF9yyQPeq95/pxKH+GK1S5bZoM7AkdM0XL49lQ8/zR0OwvSUL2QtQaH6gyS0+luFtFC2c+/edc39qLuALFLD1DiW6iZPD1V5cpxGFA6zVjHRMisMt1Uc16Z 777232@AMBAUS00366.local",
                            "os_profile_linux_config.69840937.ssh_keys.0.path": "/home/vmadmin/.ssh/authorized_keys",
                            "os_profile_secrets.#": "0",
                            "os_profile_windows_config.#": "0",
                            "plan.#": "0",
                            "resource_group_name": "terraformtest-resource_group",
                            "storage_data_disk.#": "0",
                            "storage_image_reference.#": "1",
                            "storage_image_reference.1458860473.id": "",
                            "storage_image_reference.1458860473.offer": "UbuntuServer",
                            "storage_image_reference.1458860473.publisher": "Canonical",
                            "storage_image_reference.1458860473.sku": "16.04-LTS",
                            "storage_image_reference.1458860473.version": "latest",
                            "storage_os_disk.#": "1",
                            "storage_os_disk.0.caching": "ReadWrite",
                            "storage_os_disk.0.create_option": "FromImage",
                            "storage_os_disk.0.disk_size_gb": "30",
                            "storage_os_disk.0.image_uri": "",
                            "storage_os_disk.0.managed_disk_id": "/subscriptions/37d644a0-60dc-463b-919a-e99751f4c1a3/resourceGroups/terraformtest-resource_group/providers/Microsoft.Compute/disks/terraformtest-3osdisk",
                            "storage_os_disk.0.managed_disk_type": "Standard_LRS",
                            "storage_os_disk.0.name": "terraformtest-3osdisk",
                            "storage_os_disk.0.os_type": "Linux",
                            "storage_os_disk.0.vhd_uri": "",
                            "storage_os_disk.0.write_accelerator_enabled": "false",
                            "tags.%": "1",
                            "tags.environment": "production",
                            "vm_size": "Standard_B1s",
                            "zones.#": "0"
                        },
                        "meta": {},
                        "tainted": false
                    },
                    "deposed": [],
                    "provider": "provider.azurerm"
                },
                "azurerm_virtual_network.terraform_vnet": {
                    "type": "azurerm_virtual_network",
                    "depends_on": [
                        "azurerm_resource_group.terraform_resource_group"
                    ],
                    "primary": {
                        "id": "/subscriptions/37d644a0-60dc-463b-919a-e99751f4c1a3/resourceGroups/terraformtest-resource_group/providers/Microsoft.Network/virtualNetworks/terraformtest-vnet",
                        "attributes": {
                            "address_space.#": "1",
                            "address_space.0": "10.2.0.0/16",
                            "ddos_protection_plan.#": "0",
                            "dns_servers.#": "0",
                            "id": "/subscriptions/37d644a0-60dc-463b-919a-e99751f4c1a3/resourceGroups/terraformtest-resource_group/providers/Microsoft.Network/virtualNetworks/terraformtest-vnet",
                            "location": "australiasoutheast",
                            "name": "terraformtest-vnet",
                            "resource_group_name": "terraformtest-resource_group",
                            "subnet.#": "2",
                            "subnet.1086028906.address_prefix": "10.2.1.0/24",
                            "subnet.1086028906.id": "/subscriptions/37d644a0-60dc-463b-919a-e99751f4c1a3/resourceGroups/terraformtest-resource_group/providers/Microsoft.Network/virtualNetworks/terraformtest-vnet/subnets/terraformtest-10.2.1.0-subnet",
                            "subnet.1086028906.name": "terraformtest-10.2.1.0-subnet",
                            "subnet.1086028906.security_group": "/subscriptions/37d644a0-60dc-463b-919a-e99751f4c1a3/resourceGroups/terraformtest-resource_group/providers/Microsoft.Network/networkSecurityGroups/terraformtest-nsg",
                            "subnet.2969261885.address_prefix": "10.2.2.0/24",
                            "subnet.2969261885.id": "/subscriptions/37d644a0-60dc-463b-919a-e99751f4c1a3/resourceGroups/terraformtest-resource_group/providers/Microsoft.Network/virtualNetworks/terraformtest-vnet/subnets/terraformtest-10.2.2.0-subnet",
                            "subnet.2969261885.name": "terraformtest-10.2.2.0-subnet",
                            "subnet.2969261885.security_group": "/subscriptions/37d644a0-60dc-463b-919a-e99751f4c1a3/resourceGroups/terraformtest-resource_group/providers/Microsoft.Network/networkSecurityGroups/terraformtest-nsg",
                            "tags.%": "0"
                        },
                        "meta": {},
                        "tainted": false
                    },
                    "deposed": [],
                    "provider": "provider.azurerm"
                },
                "random_id.randomId": {
                    "type": "random_id",
                    "depends_on": [
                        "azurerm_resource_group.terraform_resource_group"
                    ],
                    "primary": {
                        "id": "ZsHdbA",
                        "attributes": {
                            "b64": "ZsHdbA",
                            "b64_std": "ZsHdbA==",
                            "b64_url": "ZsHdbA",
                            "byte_length": "4",
                            "dec": "1723981164",
                            "hex": "66c1dd6c",
                            "id": "ZsHdbA",
                            "keepers.%": "1",
                            "keepers.resource_group": "terraformtest-resource_group"
                        },
                        "meta": {},
                        "tainted": false
                    },
                    "deposed": [],
                    "provider": "provider.random"
                }
            },
            "depends_on": []
        }
    ]
}
